
Microsoft Visual Studio Solution File, Format Version 12.00
# Visual Studio Version 16
VisualStudioVersion = 16.0.29306.81
MinimumVisualStudioVersion = 10.0.40219.1
Project("{8BC9CEB8-8B4A-11D0-8D11-00A0C91BC942}") = "projekt4", "projekt4\projekt4.vcxproj", "{70FDA468-C929-4FCC-B584-6BB4233448B9}"
EndProject
Global
	GlobalSection(SolutionConfigurationPlatforms) = preSolution
		Debug|x64 = Debug|x64
		Debug|x86 = Debug|x86
		Release|x64 = Release|x64
		Release|x86 = Release|x86
	EndGlobalSection
	GlobalSection(ProjectConfigurationPlatforms) = postSolution
		{70FDA468-C929-4FCC-B584-6BB4233448B9}.Debug|x64.ActiveCfg = Debug|x64
		{70FDA468-C929-4FCC-B584-6BB4233448B9}.Debug|x64.Build.0 = Debug|x64
		{70FDA468-C929-4FCC-B584-6BB4233448B9}.Debug|x86.ActiveCfg = Debug|Win32
		{70FDA468-C929-4FCC-B584-6BB4233448B9}.Debug|x86.Build.0 = Debug|Win32
		{70FDA468-C929-4FCC-B584-6BB4233448B9}.Release|x64.ActiveCfg = Release|x64
		{70FDA468-C929-4FCC-B584-6BB4233448B9}.Release|x64.Build.0 = Release|x64
		{70FDA468-C929-4FCC-B584-6BB4233448B9}.Release|x86.ActiveCfg = Release|Win32
		{70FDA468-C929-4FCC-B584-6BB4233448B9}.Release|x86.Build.0 = Release|Win32
	EndGlobalSection
	GlobalSection(SolutionProperties) = preSolution
		HideSolutionNode = FALSE
	EndGlobalSection
	GlobalSection(ExtensibilityGlobals) = postSolution
		SolutionGuid = {31DE9301-5A9F-4DBF-AD27-83D95A37A1AA}
	EndGlobalSection
EndGlobal
